# This file was autogenerated by Stack.
# You should not edit this file by hand.
# For more information, please see the documentation at:
#   https://docs.haskellstack.org/en/stable/lock_files

packages:
- completed:
    hackage: leancheck-1.0.2@sha256:5c2a164e1120e404d51a150873f4ada4738379e5fb665ea71ba289dc245c89a4,7090
    pantry-tree:
      sha256: 4ad378865074158e651b07818a1a5279e28a35475bd264732f58715179c41127
      size: 12808
  original:
    hackage: leancheck-1.0.2@sha256:5c2a164e1120e404d51a150873f4ada4738379e5fb665ea71ba289dc245c89a4,7090
snapshots: []
